// !$*UTF8*$!
{
	archiveVersion = 1;
	classes = {
	};
	objectVersion = 56;
	objects = {

/* Begin PBXBuildFile section */
		00DDF47E2A7C314E0033DC3A /* AppDelegate.swift in Sources */ = {isa = PBXBuildFile; fileRef = 00DDF47D2A7C314E0033DC3A /* AppDelegate.swift */; };
		00DDF4802A7C314E0033DC3A /* SceneDelegate.swift in Sources */ = {isa = PBXBuildFile; fileRef = 00DDF47F2A7C314E0033DC3A /* SceneDelegate.swift */; };
		00DDF4822A7C314E0033DC3A /* ViewController.swift in Sources */ = {isa = PBXBuildFile; fileRef = 00DDF4812A7C314E0033DC3A /* ViewController.swift */; };
		00DDF4852A7C314E0033DC3A /* Main.storyboard in Resources */ = {isa = PBXBuildFile; fileRef = 00DDF4832A7C314E0033DC3A /* Main.storyboard */; };
		00DDF4872A7C31500033DC3A /* Assets.xcassets in Resources */ = {isa = PBXBuildFile; fileRef = 00DDF4862A7C31500033DC3A /* Assets.xcassets */; };
		00DDF48A2A7C31500033DC3A /* LaunchScreen.storyboard in Resources */ = {isa = PBXBuildFile; fileRef = 00DDF4882A7C31500033DC3A /* LaunchScreen.storyboard */; };
		00DDF4952A7C31500033DC3A /* I_am_R_chTests.swift in Sources */ = {isa = PBXBuildFile; fileRef = 00DDF4942A7C31500033DC3A /* I_am_R_chTests.swift */; };
		00DDF49F2A7C31500033DC3A /* I_am_R_chUITests.swift in Sources */ = {isa = PBXBuildFile; fileRef = 00DDF49E2A7C31500033DC3A /* I_am_R_chUITests.swift */; };
		00DDF4A12A7C31500033DC3A /* I_am_R_chUITestsLaunchTests.swift in Sources */ = {isa = PBXBuildFile; fileRef = 00DDF4A02A7C31500033DC3A /* I_am_R_chUITestsLaunchTests.swift */; };
/* End PBXBuildFile section */

/* Begin PBXContainerItemProxy section */
		00DDF4912A7C31500033DC3A /* PBXContainerItemProxy */ = {
			isa = PBXContainerItemProxy;
			containerPortal = 00DDF4722A7C314D0033DC3A /* Project object */;
			proxyType = 1;
			remoteGlobalIDString = 00DDF4792A7C314E0033DC3A;
			remoteInfo = "I am Rıch";
		};
		00DDF49B2A7C31500033DC3A /* PBXContainerItemProxy */ = {
			isa = PBXContainerItemProxy;
			containerPortal = 00DDF4722A7C314D0033DC3A /* Project object */;
			proxyType = 1;
			remoteGlobalIDString = 00DDF4792A7C314E0033DC3A;
			remoteInfo = "I am Rıch";
		};
/* End PBXContainerItemProxy section */

/* Begin PBXFileReference section */
		00DDF47A2A7C314E0033DC3A /* I am Rıch.app */ = {isa = PBXFileReference; explicitFileType = wrapper.application; includeInIndex = 0; path = "I am Rıch.app"; sourceTree = BUILT_PRODUCTS_DIR; };
		00DDF47D2A7C314E0033DC3A /* AppDelegate.swift */ = {isa = PBXFileReference; lastKnownFileType = sourcecode.swift; path = AppDelegate.swift; sourceTree = "<group>"; };
		00DDF47F2A7C314E0033DC3A /* SceneDelegate.swift */ = {isa = PBXFileReference; lastKnownFileType = sourcecode.swift; path = SceneDelegate.swift; sourceTree = "<group>"; };
		00DDF4812A7C314E0033DC3A /* ViewController.swift */ = {isa = PBXFileReference; lastKnownFileType = sourcecode.swift; path = ViewController.swift; sourceTree = "<group>"; };
		00DDF4842A7C314E0033DC3A /* Base */ = {isa = PBXFileReference; lastKnownFileType = file.storyboard; name = Base; path = Base.lproj/Main.storyboard; sourceTree = "<group>"; };
		00DDF4862A7C31500033DC3A /* Assets.xcassets */ = {isa = PBXFileReference; lastKnownFileType = folder.assetcatalog; path = Assets.xcassets; sourceTree = "<group>"; };
		00DDF4892A7C31500033DC3A /* Base */ = {isa = PBXFileReference; lastKnownFileType = file.storyboard; name = Base; path = Base.lproj/LaunchScreen.storyboard; sourceTree = "<group>"; };
		00DDF48B2A7C31500033DC3A /* Info.plist */ = {isa = PBXFileReference; lastKnownFileType = text.plist.xml; path = Info.plist; sourceTree = "<group>"; };
		00DDF4902A7C31500033DC3A /* I am RıchTests.xctest */ = {isa = PBXFileReference; explicitFileType = wrapper.cfbundle; includeInIndex = 0; path = "I am RıchTests.xctest"; sourceTree = BUILT_PRODUCTS_DIR; };
		00DDF4942A7C31500033DC3A /* I_am_R_chTests.swift */ = {isa = PBXFileReference; lastKnownFileType = sourcecode.swift; path = I_am_R_chTests.swift; sourceTree = "<group>"; };
		00DDF49A2A7C31500033DC3A /* I am RıchUITests.xctest */ = {isa = PBXFileReference; explicitFileType = wrapper.cfbundle; includeInIndex = 0; path = "I am RıchUITests.xctest"; sourceTree = BUILT_PRODUCTS_DIR; };
		00DDF49E2A7C31500033DC3A /* I_am_R_chUITests.swift */ = {isa = PBXFileReference; lastKnownFileType = sourcecode.swift; path = I_am_R_chUITests.swift; sourceTree = "<group>"; };
		00DDF4A02A7C31500033DC3A /* I_am_R_chUITestsLaunchTests.swift */ = {isa = PBXFileReference; lastKnownFileType = sourcecode.swift; path = I_am_R_chUITestsLaunchTests.swift; sourceTree = "<group>"; };
/* End PBXFileReference section */

/* Begin PBXFrameworksBuildPhase section */
		00DDF4772A7C314E0033DC3A /* Frameworks */ = {
			isa = PBXFrameworksBuildPhase;
			buildActionMask = 2147483647;
			files = (
			);
			runOnlyForDeploymentPostprocessing = 0;
		};
		00DDF48D2A7C31500033DC3A /* Frameworks */ = {
			isa = PBXFrameworksBuildPhase;
			buildActionMask = 2147483647;
			files = (
			);
			runOnlyForDeploymentPostprocessing = 0;
		};
		00DDF4972A7C31500033DC3A /* Frameworks */ = {
			isa = PBXFrameworksBuildPhase;
			buildActionMask = 2147483647;
			files = (
			);
			runOnlyForDeploymentPostprocessing = 0;
		};
/* End PBXFrameworksBuildPhase section */

/* Begin PBXGroup section */
		00DDF4712A7C314D0033DC3A = {
			isa = PBXGroup;
			children = (
				00DDF47C2A7C314E0033DC3A /* I am Rıch */,
				00DDF4932A7C31500033DC3A /* I am RıchTests */,
				00DDF49D2A7C31500033DC3A /* I am RıchUITests */,
				00DDF47B2A7C314E0033DC3A /* Products */,
			);
			sourceTree = "<group>";
		};
		00DDF47B2A7C314E0033DC3A /* Products */ = {
			isa = PBXGroup;
			children = (
				00DDF47A2A7C314E0033DC3A /* I am Rıch.app */,
				00DDF4902A7C31500033DC3A /* I am RıchTests.xctest */,
				00DDF49A2A7C31500033DC3A /* I am RıchUITests.xctest */,
			);
			name = Products;
			sourceTree = "<group>";
		};
		00DDF47C2A7C314E0033DC3A /* I am Rıch */ = {
			isa = PBXGroup;
			children = (
				00DDF47D2A7C314E0033DC3A /* AppDelegate.swift */,
				00DDF47F2A7C314E0033DC3A /* SceneDelegate.swift */,
				00DDF4812A7C314E0033DC3A /* ViewController.swift */,
				00DDF4832A7C314E0033DC3A /* Main.storyboard */,
				00DDF4862A7C31500033DC3A /* Assets.xcassets */,
				00DDF4882A7C31500033DC3A /* LaunchScreen.storyboard */,
				00DDF48B2A7C31500033DC3A /* Info.plist */,
			);
			path = "I am Rıch";
			sourceTree = "<group>";
		};
		00DDF4932A7C31500033DC3A /* I am RıchTests */ = {
			isa = PBXGroup;
			children = (
				00DDF4942A7C31500033DC3A /* I_am_R_chTests.swift */,
			);
			path = "I am RıchTests";
			sourceTree = "<group>";
		};
		00DDF49D2A7C31500033DC3A /* I am RıchUITests */ = {
			isa = PBXGroup;
			children = (
				00DDF49E2A7C31500033DC3A /* I_am_R_chUITests.swift */,
				00DDF4A02A7C31500033DC3A /* I_am_R_chUITestsLaunchTests.swift */,
			);
			path = "I am RıchUITests";
			sourceTree = "<group>";
		};
/* End PBXGroup section */

/* Begin PBXNativeTarget section */
		00DDF4792A7C314E0033DC3A /* I am Rıch */ = {
			isa = PBXNativeTarget;
			buildConfigurationList = 00DDF4A42A7C31500033DC3A /* Build configuration list for PBXNativeTarget "I am Rıch" */;
			buildPhases = (
				00DDF4762A7C314E0033DC3A /* Sources */,
				00DDF4772A7C314E0033DC3A /* Frameworks */,
				00DDF4782A7C314E0033DC3A /* Resources */,
			);
			buildRules = (
			);
			dependencies = (
			);
			name = "I am Rıch";
			productName = "I am Rıch";
			productReference = 00DDF47A2A7C314E0033DC3A /* I am Rıch.app */;
			productType = "com.apple.product-type.application";
		};
		00DDF48F2A7C31500033DC3A /* I am RıchTests */ = {
			isa = PBXNativeTarget;
			buildConfigurationList = 00DDF4A72A7C31500033DC3A /* Build configuration list for PBXNativeTarget "I am RıchTests" */;
			buildPhases = (
				00DDF48C2A7C31500033DC3A /* Sources */,
				00DDF48D2A7C31500033DC3A /* Frameworks */,
				00DDF48E2A7C31500033DC3A /* Resources */,
			);
			buildRules = (
			);
			dependencies = (
				00DDF4922A7C31500033DC3A /* PBXTargetDependency */,
			);
			name = "I am RıchTests";
			productName = "I am RıchTests";
			productReference = 00DDF4902A7C31500033DC3A /* I am RıchTests.xctest */;
			productType = "com.apple.product-type.bundle.unit-test";
		};
		00DDF4992A7C31500033DC3A /* I am RıchUITests */ = {
			isa = PBXNativeTarget;
			buildConfigurationList = 00DDF4AA2A7C31500033DC3A /* Build configuration list for PBXNativeTarget "I am RıchUITests" */;
			buildPhases = (
				00DDF4962A7C31500033DC3A /* Sources */,
				00DDF4972A7C31500033DC3A /* Frameworks */,
				00DDF4982A7C31500033DC3A /* Resources */,
			);
			buildRules = (
			);
			dependencies = (
				00DDF49C2A7C31500033DC3A /* PBXTargetDependency */,
			);
			name = "I am RıchUITests";
			productName = "I am RıchUITests";
			productReference = 00DDF49A2A7C31500033DC3A /* I am RıchUITests.xctest */;
			productType = "com.apple.product-type.bundle.ui-testing";
		};
/* End PBXNativeTarget section */

/* Begin PBXProject section */
		00DDF4722A7C314D0033DC3A /* Project object */ = {
			isa = PBXProject;
			attributes = {
				BuildIndependentTargetsInParallel = 1;
				LastSwiftUpdateCheck = 1430;
				LastUpgradeCheck = 1430;
				TargetAttributes = {
					00DDF4792A7C314E0033DC3A = {
						CreatedOnToolsVersion = 14.3.1;
					};
					00DDF48F2A7C31500033DC3A = {
						CreatedOnToolsVersion = 14.3.1;
						TestTargetID = 00DDF4792A7C314E0033DC3A;
					};
					00DDF4992A7C31500033DC3A = {
						CreatedOnToolsVersion = 14.3.1;
						TestTargetID = 00DDF4792A7C314E0033DC3A;
					};
				};
			};
			buildConfigurationList = 00DDF4752A7C314D0033DC3A /* Build configuration list for PBXProject "I am Rıch" */;
			compatibilityVersion = "Xcode 14.0";
			developmentRegion = en;
			hasScannedForEncodings = 0;
			knownRegions = (
				en,
				Base,
			);
			mainGroup = 00DDF4712A7C314D0033DC3A;
			productRefGroup = 00DDF47B2A7C314E0033DC3A /* Products */;
			projectDirPath = "";
			projectRoot = "";
			targets = (
				00DDF4792A7C314E0033DC3A /* I am Rıch */,
				00DDF48F2A7C31500033DC3A /* I am RıchTests */,
				00DDF4992A7C31500033DC3A /* I am RıchUITests */,
			);
		};
/* End PBXProject section */

/* Begin PBXResourcesBuildPhase section */
		00DDF4782A7C314E0033DC3A /* Resources */ = {
			isa = PBXResourcesBuildPhase;
			buildActionMask = 2147483647;
			files = (
				00DDF48A2A7C31500033DC3A /* LaunchScreen.storyboard in Resources */,
				00DDF4872A7C31500033DC3A /* Assets.xcassets in Resources */,
				00DDF4852A7C314E0033DC3A /* Main.storyboard in Resources */,
			);
			runOnlyForDeploymentPostprocessing = 0;
		};
		00DDF48E2A7C31500033DC3A /* Resources */ = {
			isa = PBXResourcesBuildPhase;
			buildActionMask = 2147483647;
			files = (
			);
			runOnlyForDeploymentPostprocessing = 0;
		};
		00DDF4982A7C31500033DC3A /* Resources */ = {
			isa = PBXResourcesBuildPhase;
			buildActionMask = 2147483647;
			files = (
			);
			runOnlyForDeploymentPostprocessing = 0;
		};
/* End PBXResourcesBuildPhase section */

/* Begin PBXSourcesBuildPhase section */
		00DDF4762A7C314E0033DC3A /* Sources */ = {
			isa = PBXSourcesBuildPhase;
			buildActionMask = 2147483647;
			files = (
				00DDF4822A7C314E0033DC3A /* ViewController.swift in Sources */,
				00DDF47E2A7C314E0033DC3A /* AppDelegate.swift in Sources */,
				00DDF4802A7C314E0033DC3A /* SceneDelegate.swift in Sources */,
			);
			runOnlyForDeploymentPostprocessing = 0;
		};
		00DDF48C2A7C31500033DC3A /* Sources */ = {
			isa = PBXSourcesBuildPhase;
			buildActionMask = 2147483647;
			files = (
				00DDF4952A7C31500033DC3A /* I_am_R_chTests.swift in Sources */,
			);
			runOnlyForDeploymentPostprocessing = 0;
		};
		00DDF4962A7C31500033DC3A /* Sources */ = {
			isa = PBXSourcesBuildPhase;
			buildActionMask = 2147483647;
			files = (
				00DDF4A12A7C31500033DC3A /* I_am_R_chUITestsLaunchTests.swift in Sources */,
				00DDF49F2A7C31500033DC3A /* I_am_R_chUITests.swift in Sources */,
			);
			runOnlyForDeploymentPostprocessing = 0;
		};
/* End PBXSourcesBuildPhase section */

/* Begin PBXTargetDependency section */
		00DDF4922A7C31500033DC3A /* PBXTargetDependency */ = {
			isa = PBXTargetDependency;
			target = 00DDF4792A7C314E0033DC3A /* I am Rıch */;
			targetProxy = 00DDF4912A7C31500033DC3A /* PBXContainerItemProxy */;
		};
		00DDF49C2A7C31500033DC3A /* PBXTargetDependency */ = {
			isa = PBXTargetDependency;
			target = 00DDF4792A7C314E0033DC3A /* I am Rıch */;
			targetProxy = 00DDF49B2A7C31500033DC3A /* PBXContainerItemProxy */;
		};
/* End PBXTargetDependency section */

/* Begin PBXVariantGroup section */
		00DDF4832A7C314E0033DC3A /* Main.storyboard */ = {
			isa = PBXVariantGroup;
			children = (
				00DDF4842A7C314E0033DC3A /* Base */,
			);
			name = Main.storyboard;
			sourceTree = "<group>";
		};
		00DDF4882A7C31500033DC3A /* LaunchScreen.storyboard */ = {
			isa = PBXVariantGroup;
			children = (
				00DDF4892A7C31500033DC3A /* Base */,
			);
			name = LaunchScreen.storyboard;
			sourceTree = "<group>";
		};
/* End PBXVariantGroup section */

/* Begin XCBuildConfiguration section */
		00DDF4A22A7C31500033DC3A /* Debug */ = {
			isa = XCBuildConfiguration;
			buildSettings = {
				ALWAYS_SEARCH_USER_PATHS = NO;
				CLANG_ANALYZER_NONNULL = YES;
				CLANG_ANALYZER_NUMBER_OBJECT_CONVERSION = YES_AGGRESSIVE;
				CLANG_CXX_LANGUAGE_STANDARD = "gnu++20";
				CLANG_ENABLE_MODULES = YES;
				CLANG_ENABLE_OBJC_ARC = YES;
				CLANG_ENABLE_OBJC_WEAK = YES;
				CLANG_WARN_BLOCK_CAPTURE_AUTORELEASING = YES;
				CLANG_WARN_BOOL_CONVERSION = YES;
				CLANG_WARN_COMMA = YES;
				CLANG_WARN_CONSTANT_CONVERSION = YES;
				CLANG_WARN_DEPRECATED_OBJC_IMPLEMENTATIONS = YES;
				CLANG_WARN_DIRECT_OBJC_ISA_USAGE = YES_ERROR;
				CLANG_WARN_DOCUMENTATION_COMMENTS = YES;
				CLANG_WARN_EMPTY_BODY = YES;
				CLANG_WARN_ENUM_CONVERSION = YES;
				CLANG_WARN_INFINITE_RECURSION = YES;
				CLANG_WARN_INT_CONVERSION = YES;
				CLANG_WARN_NON_LITERAL_NULL_CONVERSION = YES;
				CLANG_WARN_OBJC_IMPLICIT_RETAIN_SELF = YES;
				CLANG_WARN_OBJC_LITERAL_CONVERSION = YES;
				CLANG_WARN_OBJC_ROOT_CLASS = YES_ERROR;
				CLANG_WARN_QUOTED_INCLUDE_IN_FRAMEWORK_HEADER = YES;
				CLANG_WARN_RANGE_LOOP_ANALYSIS = YES;
				CLANG_WARN_STRICT_PROTOTYPES = YES;
				CLANG_WARN_SUSPICIOUS_MOVE = YES;
				CLANG_WARN_UNGUARDED_AVAILABILITY = YES_AGGRESSIVE;
				CLANG_WARN_UNREACHABLE_CODE = YES;
				CLANG_WARN__DUPLICATE_METHOD_MATCH = YES;
				COPY_PHASE_STRIP = NO;
				DEBUG_INFORMATION_FORMAT = dwarf;
				ENABLE_STRICT_OBJC_MSGSEND = YES;
				ENABLE_TESTABILITY = YES;
				GCC_C_LANGUAGE_STANDARD = gnu11;
				GCC_DYNAMIC_NO_PIC = NO;
				GCC_NO_COMMON_BLOCKS = YES;
				GCC_OPTIMIZATION_LEVEL = 0;
				GCC_PREPROCESSOR_DEFINITIONS = (
					"DEBUG=1",
					"$(inherited)",
				);
				GCC_WARN_64_TO_32_BIT_CONVERSION = YES;
				GCC_WARN_ABOUT_RETURN_TYPE = YES_ERROR;
				GCC_WARN_UNDECLARED_SELECTOR = YES;
				GCC_WARN_UNINITIALIZED_AUTOS = YES_AGGRESSIVE;
				GCC_WARN_UNUSED_FUNCTION = YES;
				GCC_WARN_UNUSED_VARIABLE = YES;
				IPHONEOS_DEPLOYMENT_TARGET = 16.4;
				MTL_ENABLE_DEBUG_INFO = INCLUDE_SOURCE;
				MTL_FAST_MATH = YES;
				ONLY_ACTIVE_ARCH = YES;
				SDKROOT = iphoneos;
				SWIFT_ACTIVE_COMPILATION_CONDITIONS = DEBUG;
				SWIFT_OPTIMIZATION_LEVEL = "-Onone";
			};
			name = Debug;
		};
		00DDF4A32A7C31500033DC3A /* Release */ = {
			isa = XCBuildConfiguration;
			buildSettings = {
				ALWAYS_SEARCH_USER_PATHS = NO;
				CLANG_ANALYZER_NONNULL = YES;
				CLANG_ANALYZER_NUMBER_OBJECT_CONVERSION = YES_AGGRESSIVE;
				CLANG_CXX_LANGUAGE_STANDARD = "gnu++20";
				CLANG_ENABLE_MODULES = YES;
				CLANG_ENABLE_OBJC_ARC = YES;
				CLANG_ENABLE_OBJC_WEAK = YES;
				CLANG_WARN_BLOCK_CAPTURE_AUTORELEASING = YES;
				CLANG_WARN_BOOL_CONVERSION = YES;
				CLANG_WARN_COMMA = YES;
				CLANG_WARN_CONSTANT_CONVERSION = YES;
				CLANG_WARN_DEPRECATED_OBJC_IMPLEMENTATIONS = YES;
				CLANG_WARN_DIRECT_OBJC_ISA_USAGE = YES_ERROR;
				CLANG_WARN_DOCUMENTATION_COMMENTS = YES;
				CLANG_WARN_EMPTY_BODY = YES;
				CLANG_WARN_ENUM_CONVERSION = YES;
				CLANG_WARN_INFINITE_RECURSION = YES;
				CLANG_WARN_INT_CONVERSION = YES;
				CLANG_WARN_NON_LITERAL_NULL_CONVERSION = YES;
				CLANG_WARN_OBJC_IMPLICIT_RETAIN_SELF = YES;
				CLANG_WARN_OBJC_LITERAL_CONVERSION = YES;
				CLANG_WARN_OBJC_ROOT_CLASS = YES_ERROR;
				CLANG_WARN_QUOTED_INCLUDE_IN_FRAMEWORK_HEADER = YES;
				CLANG_WARN_RANGE_LOOP_ANALYSIS = YES;
				CLANG_WARN_STRICT_PROTOTYPES = YES;
				CLANG_WARN_SUSPICIOUS_MOVE = YES;
				CLANG_WARN_UNGUARDED_AVAILABILITY = YES_AGGRESSIVE;
				CLANG_WARN_UNREACHABLE_CODE = YES;
				CLANG_WARN__DUPLICATE_METHOD_MATCH = YES;
				COPY_PHASE_STRIP = NO;
				DEBUG_INFORMATION_FORMAT = "dwarf-with-dsym";
				ENABLE_NS_ASSERTIONS = NO;
				ENABLE_STRICT_OBJC_MSGSEND = YES;
				GCC_C_LANGUAGE_STANDARD = gnu11;
				GCC_NO_COMMON_BLOCKS = YES;
				GCC_WARN_64_TO_32_BIT_CONVERSION = YES;
				GCC_WARN_ABOUT_RETURN_TYPE = YES_ERROR;
				GCC_WARN_UNDECLARED_SELECTOR = YES;
				GCC_WARN_UNINITIALIZED_AUTOS = YES_AGGRESSIVE;
				GCC_WARN_UNUSED_FUNCTION = YES;
				GCC_WARN_UNUSED_VARIABLE = YES;
				IPHONEOS_DEPLOYMENT_TARGET = 16.4;
				MTL_ENABLE_DEBUG_INFO = NO;
				MTL_FAST_MATH = YES;
				SDKROOT = iphoneos;
				SWIFT_COMPILATION_MODE = wholemodule;
				SWIFT_OPTIMIZATION_LEVEL = "-O";
				VALIDATE_PRODUCT = YES;
			};
			name = Release;
		};
		00DDF4A52A7C31500033DC3A /* Debug */ = {
			isa = XCBuildConfiguration;
			buildSettings = {
				ASSETCATALOG_COMPILER_APPICON_NAME = AppIcon;
				ASSETCATALOG_COMPILER_GLOBAL_ACCENT_COLOR_NAME = AccentColor;
				CODE_SIGN_STYLE = Automatic;
				CURRENT_PROJECT_VERSION = 1;
				GENERATE_INFOPLIST_FILE = YES;
				INFOPLIST_FILE = "I am Rıch/Info.plist";
				INFOPLIST_KEY_UIApplicationSupportsIndirectInputEvents = YES;
				INFOPLIST_KEY_UILaunchStoryboardName = LaunchScreen;
				INFOPLIST_KEY_UIMainStoryboardFile = Main;
				INFOPLIST_KEY_UISupportedInterfaceOrientations_iPad = "UIInterfaceOrientationPortrait UIInterfaceOrientationPortraitUpsideDown UIInterfaceOrientationLandscapeLeft UIInterfaceOrientationLandscapeRight";
				INFOPLIST_KEY_UISupportedInterfaceOrientations_iPhone = "UIInterfaceOrientationPortrait UIInterfaceOrientationLandscapeLeft UIInterfaceOrientationLandscapeRight";
				LD_RUNPATH_SEARCH_PATHS = (
					"$(inherited)",
					"@executable_path/Frameworks",
				);
				MARKETING_VERSION = 1.0;
				PRODUCT_BUNDLE_IDENTIFIER = "com.ksoft.I-am-R-ch";
				PRODUCT_NAME = "$(TARGET_NAME)";
				SWIFT_EMIT_LOC_STRINGS = YES;
				SWIFT_VERSION = 5.0;
				TARGETED_DEVICE_FAMILY = "1,2";
			};
			name = Debug;
		};
		00DDF4A62A7C31500033DC3A /* Release */ = {
			isa = XCBuildConfiguration;
			buildSettings = {
				ASSETCATALOG_COMPILER_APPICON_NAME = AppIcon;
				ASSETCATALOG_COMPILER_GLOBAL_ACCENT_COLOR_NAME = AccentColor;
				CODE_SIGN_STYLE = Automatic;
				CURRENT_PROJECT_VERSION = 1;
				GENERATE_INFOPLIST_FILE = YES;
				INFOPLIST_FILE = "I am Rıch/Info.plist";
				INFOPLIST_KEY_UIApplicationSupportsIndirectInputEvents = YES;
				INFOPLIST_KEY_UILaunchStoryboardName = LaunchScreen;
				INFOPLIST_KEY_UIMainStoryboardFile = Main;
				INFOPLIST_KEY_UISupportedInterfaceOrientations_iPad = "UIInterfaceOrientationPortrait UIInterfaceOrientationPortraitUpsideDown UIInterfaceOrientationLandscapeLeft UIInterfaceOrientationLandscapeRight";
				INFOPLIST_KEY_UISupportedInterfaceOrientations_iPhone = "UIInterfaceOrientationPortrait UIInterfaceOrientationLandscapeLeft UIInterfaceOrientationLandscapeRight";
				LD_RUNPATH_SEARCH_PATHS = (
					"$(inherited)",
					"@executable_path/Frameworks",
				);
				MARKETING_VERSION = 1.0;
				PRODUCT_BUNDLE_IDENTIFIER = "com.ksoft.I-am-R-ch";
				PRODUCT_NAME = "$(TARGET_NAME)";
				SWIFT_EMIT_LOC_STRINGS = YES;
				SWIFT_VERSION = 5.0;
				TARGETED_DEVICE_FAMILY = "1,2";
			};
			name = Release;
		};
		00DDF4A82A7C31500033DC3A /* Debug */ = {
			isa = XCBuildConfiguration;
			buildSettings = {
				ALWAYS_EMBED_SWIFT_STANDARD_LIBRARIES = YES;
				BUNDLE_LOADER = "$(TEST_HOST)";
				CODE_SIGN_STYLE = Automatic;
				CURRENT_PROJECT_VERSION = 1;
				GENERATE_INFOPLIST_FILE = YES;
				IPHONEOS_DEPLOYMENT_TARGET = 16.4;
				MARKETING_VERSION = 1.0;
				PRODUCT_BUNDLE_IDENTIFIER = "com.ksoft.I-am-R-chTests";
				PRODUCT_NAME = "$(TARGET_NAME)";
				SWIFT_EMIT_LOC_STRINGS = NO;
				SWIFT_VERSION = 5.0;
				TARGETED_DEVICE_FAMILY = "1,2";
				TEST_HOST = "$(BUILT_PRODUCTS_DIR)/I am Rıch.app/$(BUNDLE_EXECUTABLE_FOLDER_PATH)/I am Rıch";
			};
			name = Debug;
		};
		00DDF4A92A7C31500033DC3A /* Release */ = {
			isa = XCBuildConfiguration;
			buildSettings = {
				ALWAYS_EMBED_SWIFT_STANDARD_LIBRARIES = YES;
				BUNDLE_LOADER = "$(TEST_HOST)";
				CODE_SIGN_STYLE = Automatic;
				CURRENT_PROJECT_VERSION = 1;
				GENERATE_INFOPLIST_FILE = YES;
				IPHONEOS_DEPLOYMENT_TARGET = 16.4;
				MARKETING_VERSION = 1.0;
				PRODUCT_BUNDLE_IDENTIFIER = "com.ksoft.I-am-R-chTests";
				PRODUCT_NAME = "$(TARGET_NAME)";
				SWIFT_EMIT_LOC_STRINGS = NO;
				SWIFT_VERSION = 5.0;
				TARGETED_DEVICE_FAMILY = "1,2";
				TEST_HOST = "$(BUILT_PRODUCTS_DIR)/I am Rıch.app/$(BUNDLE_EXECUTABLE_FOLDER_PATH)/I am Rıch";
			};
			name = Release;
		};
		00DDF4AB2A7C31500033DC3A /* Debug */ = {
			isa = XCBuildConfiguration;
			buildSettings = {
				ALWAYS_EMBED_SWIFT_STANDARD_LIBRARIES = YES;
				CODE_SIGN_STYLE = Automatic;
				CURRENT_PROJECT_VERSION = 1;
				GENERATE_INFOPLIST_FILE = YES;
				MARKETING_VERSION = 1.0;
				PRODUCT_BUNDLE_IDENTIFIER = "com.ksoft.I-am-R-chUITests";
				PRODUCT_NAME = "$(TARGET_NAME)";
				SWIFT_EMIT_LOC_STRINGS = NO;
				SWIFT_VERSION = 5.0;
				TARGETED_DEVICE_FAMILY = "1,2";
				TEST_TARGET_NAME = "I am Rıch";
			};
			name = Debug;
		};
		00DDF4AC2A7C31500033DC3A /* Release */ = {
			isa = XCBuildConfiguration;
			buildSettings = {
				ALWAYS_EMBED_SWIFT_STANDARD_LIBRARIES = YES;
				CODE_SIGN_STYLE = Automatic;
				CURRENT_PROJECT_VERSION = 1;
				GENERATE_INFOPLIST_FILE = YES;
				MARKETING_VERSION = 1.0;
				PRODUCT_BUNDLE_IDENTIFIER = "com.ksoft.I-am-R-chUITests";
				PRODUCT_NAME = "$(TARGET_NAME)";
				SWIFT_EMIT_LOC_STRINGS = NO;
				SWIFT_VERSION = 5.0;
				TARGETED_DEVICE_FAMILY = "1,2";
				TEST_TARGET_NAME = "I am Rıch";
			};
			name = Release;
		};
/* End XCBuildConfiguration section */

/* Begin XCConfigurationList section */
		00DDF4752A7C314D0033DC3A /* Build configuration list for PBXProject "I am Rıch" */ = {
			isa = XCConfigurationList;
			buildConfigurations = (
				00DDF4A22A7C31500033DC3A /* Debug */,
				00DDF4A32A7C31500033DC3A /* Release */,
			);
			defaultConfigurationIsVisible = 0;
			defaultConfigurationName = Release;
		};
		00DDF4A42A7C31500033DC3A /* Build configuration list for PBXNativeTarget "I am Rıch" */ = {
			isa = XCConfigurationList;
			buildConfigurations = (
				00DDF4A52A7C31500033DC3A /* Debug */,
				00DDF4A62A7C31500033DC3A /* Release */,
			);
			defaultConfigurationIsVisible = 0;
			defaultConfigurationName = Release;
		};
		00DDF4A72A7C31500033DC3A /* Build configuration list for PBXNativeTarget "I am RıchTests" */ = {
			isa = XCConfigurationList;
			buildConfigurations = (
				00DDF4A82A7C31500033DC3A /* Debug */,
				00DDF4A92A7C31500033DC3A /* Release */,
			);
			defaultConfigurationIsVisible = 0;
			defaultConfigurationName = Release;
		};
		00DDF4AA2A7C31500033DC3A /* Build configuration list for PBXNativeTarget "I am RıchUITests" */ = {
			isa = XCConfigurationList;
			buildConfigurations = (
				00DDF4AB2A7C31500033DC3A /* Debug */,
				00DDF4AC2A7C31500033DC3A /* Release */,
			);
			defaultConfigurationIsVisible = 0;
			defaultConfigurationName = Release;
		};
/* End XCConfigurationList section */
	};
	rootObject = 00DDF4722A7C314D0033DC3A /* Project object */;
}
